// !$*UTF8*$!
{
	archiveVersion = 1;
	classes = {
	};
	objectVersion = 46;
	objects = {

/* Begin PBXBuildFile section */
		B69573241B4CD15B0036EF12 /* UIImage+ImageEffects.m in Sources */ = {isa = PBXBuildFile; fileRef = B69573231B4CD15B0036EF12 /* UIImage+ImageEffects.m */; };
		B69573251B4CD15B0036EF12 /* UIImage+ImageEffects.m in Sources */ = {isa = PBXBuildFile; fileRef = B69573231B4CD15B0036EF12 /* UIImage+ImageEffects.m */; };
		B69573281B4CE5750036EF12 /* IXHistoryViewController.m in Sources */ = {isa = PBXBuildFile; fileRef = B69573271B4CE5750036EF12 /* IXHistoryViewController.m */; };
		B69573291B4CE5750036EF12 /* IXHistoryViewController.m in Sources */ = {isa = PBXBuildFile; fileRef = B69573271B4CE5750036EF12 /* IXHistoryViewController.m */; };
		B695732C1B4CE58E0036EF12 /* IXDailyTrackerViewController.m in Sources */ = {isa = PBXBuildFile; fileRef = B695732B1B4CE58E0036EF12 /* IXDailyTrackerViewController.m */; };
		B695732D1B4CE58E0036EF12 /* IXDailyTrackerViewController.m in Sources */ = {isa = PBXBuildFile; fileRef = B695732B1B4CE58E0036EF12 /* IXDailyTrackerViewController.m */; };
		B6C479C21B4B8281005502CD /* main.m in Sources */ = {isa = PBXBuildFile; fileRef = B6C479C11B4B8281005502CD /* main.m */; };
		B6C479C51B4B8281005502CD /* AppDelegate.m in Sources */ = {isa = PBXBuildFile; fileRef = B6C479C41B4B8281005502CD /* AppDelegate.m */; };
		B6C479CB1B4B8281005502CD /* Main.storyboard in Resources */ = {isa = PBXBuildFile; fileRef = B6C479C91B4B8281005502CD /* Main.storyboard */; };
		B6C479CD1B4B8281005502CD /* Images.xcassets in Resources */ = {isa = PBXBuildFile; fileRef = B6C479CC1B4B8281005502CD /* Images.xcassets */; };
		B6C479D01B4B8281005502CD /* LaunchScreen.xib in Resources */ = {isa = PBXBuildFile; fileRef = B6C479CE1B4B8281005502CD /* LaunchScreen.xib */; };
		B6C479DC1B4B8281005502CD /* InexorableTests.m in Sources */ = {isa = PBXBuildFile; fileRef = B6C479DB1B4B8281005502CD /* InexorableTests.m */; };
		B6C479E61B4B82D9005502CD /* AudioToolbox.framework in Frameworks */ = {isa = PBXBuildFile; fileRef = B6C479E51B4B82D9005502CD /* AudioToolbox.framework */; };
		B6C479E91B4B8320005502CD /* CFNetwork.framework in Frameworks */ = {isa = PBXBuildFile; fileRef = B6C479E81B4B8320005502CD /* CFNetwork.framework */; };
		B6C479EB1B4B8326005502CD /* CoreGraphics.framework in Frameworks */ = {isa = PBXBuildFile; fileRef = B6C479EA1B4B8326005502CD /* CoreGraphics.framework */; };
		B6C479ED1B4B832D005502CD /* CoreLocation.framework in Frameworks */ = {isa = PBXBuildFile; fileRef = B6C479EC1B4B832D005502CD /* CoreLocation.framework */; };
		B6C479EF1B4B8333005502CD /* MobileCoreServices.framework in Frameworks */ = {isa = PBXBuildFile; fileRef = B6C479EE1B4B8333005502CD /* MobileCoreServices.framework */; };
		B6C479F11B4B833B005502CD /* QuartzCore.framework in Frameworks */ = {isa = PBXBuildFile; fileRef = B6C479F01B4B833B005502CD /* QuartzCore.framework */; };
		B6C479F31B4B8340005502CD /* Security.framework in Frameworks */ = {isa = PBXBuildFile; fileRef = B6C479F21B4B8340005502CD /* Security.framework */; };
		B6C479F51B4B8346005502CD /* StoreKit.framework in Frameworks */ = {isa = PBXBuildFile; fileRef = B6C479F41B4B8346005502CD /* StoreKit.framework */; };
		B6C479F71B4B834E005502CD /* SystemConfiguration.framework in Frameworks */ = {isa = PBXBuildFile; fileRef = B6C479F61B4B834E005502CD /* SystemConfiguration.framework */; };
		B6C479F91B4B835B005502CD /* libz.dylib in Frameworks */ = {isa = PBXBuildFile; fileRef = B6C479F81B4B835B005502CD /* libz.dylib */; };
		B6C479FB1B4B8364005502CD /* libsqlite3.dylib in Frameworks */ = {isa = PBXBuildFile; fileRef = B6C479FA1B4B8364005502CD /* libsqlite3.dylib */; };
		B6C47A021B4B838B005502CD /* Bolts.framework in Frameworks */ = {isa = PBXBuildFile; fileRef = B6C479FC1B4B838B005502CD /* Bolts.framework */; };
		B6C47A031B4B838B005502CD /* Bolts.framework in Frameworks */ = {isa = PBXBuildFile; fileRef = B6C479FC1B4B838B005502CD /* Bolts.framework */; };
		B6C47A041B4B838B005502CD /* Parse.framework in Frameworks */ = {isa = PBXBuildFile; fileRef = B6C479FD1B4B838B005502CD /* Parse.framework */; };
		B6C47A051B4B838B005502CD /* Parse.framework in Frameworks */ = {isa = PBXBuildFile; fileRef = B6C479FD1B4B838B005502CD /* Parse.framework */; };
		B6C47A061B4B838B005502CD /* ParseCrashReporting.framework in Frameworks */ = {isa = PBXBuildFile; fileRef = B6C479FE1B4B838B005502CD /* ParseCrashReporting.framework */; };
		B6C47A071B4B838B005502CD /* ParseCrashReporting.framework in Frameworks */ = {isa = PBXBuildFile; fileRef = B6C479FE1B4B838B005502CD /* ParseCrashReporting.framework */; };
		B6C47A081B4B838B005502CD /* ParseFacebookUtils.framework in Frameworks */ = {isa = PBXBuildFile; fileRef = B6C479FF1B4B838B005502CD /* ParseFacebookUtils.framework */; };
		B6C47A091B4B838B005502CD /* ParseFacebookUtils.framework in Frameworks */ = {isa = PBXBuildFile; fileRef = B6C479FF1B4B838B005502CD /* ParseFacebookUtils.framework */; };
		B6C47A0A1B4B838B005502CD /* ParseFacebookUtilsV4.framework in Frameworks */ = {isa = PBXBuildFile; fileRef = B6C47A001B4B838B005502CD /* ParseFacebookUtilsV4.framework */; };
		B6C47A0B1B4B838B005502CD /* ParseFacebookUtilsV4.framework in Frameworks */ = {isa = PBXBuildFile; fileRef = B6C47A001B4B838B005502CD /* ParseFacebookUtilsV4.framework */; };
		B6C47A0C1B4B838B005502CD /* ParseUI.framework in Frameworks */ = {isa = PBXBuildFile; fileRef = B6C47A011B4B838B005502CD /* ParseUI.framework */; };
		B6C47A0D1B4B838B005502CD /* ParseUI.framework in Frameworks */ = {isa = PBXBuildFile; fileRef = B6C47A011B4B838B005502CD /* ParseUI.framework */; };
		B6C47A0E1B4B8399005502CD /* AudioToolbox.framework in Frameworks */ = {isa = PBXBuildFile; fileRef = B6C479E51B4B82D9005502CD /* AudioToolbox.framework */; };
		B6C47A0F1B4B83A1005502CD /* CFNetwork.framework in Frameworks */ = {isa = PBXBuildFile; fileRef = B6C479E81B4B8320005502CD /* CFNetwork.framework */; };
		B6C47A101B4B83A6005502CD /* CoreGraphics.framework in Frameworks */ = {isa = PBXBuildFile; fileRef = B6C479EA1B4B8326005502CD /* CoreGraphics.framework */; };
		B6C47A111B4B83AB005502CD /* CoreLocation.framework in Frameworks */ = {isa = PBXBuildFile; fileRef = B6C479EC1B4B832D005502CD /* CoreLocation.framework */; };
		B6C47A121B4B83B0005502CD /* MobileCoreServices.framework in Frameworks */ = {isa = PBXBuildFile; fileRef = B6C479EE1B4B8333005502CD /* MobileCoreServices.framework */; };
		B6C47A131B4B83B4005502CD /* QuartzCore.framework in Frameworks */ = {isa = PBXBuildFile; fileRef = B6C479F01B4B833B005502CD /* QuartzCore.framework */; };
		B6C47A141B4B83BB005502CD /* Security.framework in Frameworks */ = {isa = PBXBuildFile; fileRef = B6C479F21B4B8340005502CD /* Security.framework */; };
		B6C47A151B4B83C0005502CD /* StoreKit.framework in Frameworks */ = {isa = PBXBuildFile; fileRef = B6C479F41B4B8346005502CD /* StoreKit.framework */; };
		B6C47A161B4B83C5005502CD /* SystemConfiguration.framework in Frameworks */ = {isa = PBXBuildFile; fileRef = B6C479F61B4B834E005502CD /* SystemConfiguration.framework */; };
		B6C47A171B4B83CA005502CD /* libz.dylib in Frameworks */ = {isa = PBXBuildFile; fileRef = B6C479F81B4B835B005502CD /* libz.dylib */; };
		B6C47A181B4B83CF005502CD /* libsqlite3.dylib in Frameworks */ = {isa = PBXBuildFile; fileRef = B6C479FA1B4B8364005502CD /* libsqlite3.dylib */; };
		B6C47A201B4B9226005502CD /* IXCountDownViewController.m in Sources */ = {isa = PBXBuildFile; fileRef = B6C47A1F1B4B9226005502CD /* IXCountDownViewController.m */; };
		B6C47A211B4B9226005502CD /* IXCountDownViewController.m in Sources */ = {isa = PBXBuildFile; fileRef = B6C47A1F1B4B9226005502CD /* IXCountDownViewController.m */; };
		B6C47A231B4B9D8D005502CD /* Accounts.framework in Frameworks */ = {isa = PBXBuildFile; fileRef = B6C47A221B4B9D8D005502CD /* Accounts.framework */; };
		B6C47A251B4B9D94005502CD /* Social.framework in Frameworks */ = {isa = PBXBuildFile; fileRef = B6C47A241B4B9D94005502CD /* Social.framework */; };
		B6C47A261B4B9D9B005502CD /* Social.framework in Frameworks */ = {isa = PBXBuildFile; fileRef = B6C47A241B4B9D94005502CD /* Social.framework */; };
		B6C47A271B4B9DA1005502CD /* Accounts.framework in Frameworks */ = {isa = PBXBuildFile; fileRef = B6C47A221B4B9D8D005502CD /* Accounts.framework */; };
/* End PBXBuildFile section */

/* Begin PBXContainerItemProxy section */
		B6C479D61B4B8281005502CD /* PBXContainerItemProxy */ = {
			isa = PBXContainerItemProxy;
			containerPortal = B6C479B41B4B8281005502CD /* Project object */;
			proxyType = 1;
			remoteGlobalIDString = B6C479BB1B4B8281005502CD;
			remoteInfo = Inexorable;
		};
/* End PBXContainerItemProxy section */

/* Begin PBXFileReference section */
		B69573221B4CD15B0036EF12 /* UIImage+ImageEffects.h */ = {isa = PBXFileReference; fileEncoding = 4; lastKnownFileType = sourcecode.c.h; path = "UIImage+ImageEffects.h"; sourceTree = "<group>"; };
		B69573231B4CD15B0036EF12 /* UIImage+ImageEffects.m */ = {isa = PBXFileReference; fileEncoding = 4; lastKnownFileType = sourcecode.c.objc; path = "UIImage+ImageEffects.m"; sourceTree = "<group>"; };
		B69573261B4CE5750036EF12 /* IXHistoryViewController.h */ = {isa = PBXFileReference; fileEncoding = 4; lastKnownFileType = sourcecode.c.h; path = IXHistoryViewController.h; sourceTree = "<group>"; };
		B69573271B4CE5750036EF12 /* IXHistoryViewController.m */ = {isa = PBXFileReference; fileEncoding = 4; lastKnownFileType = sourcecode.c.objc; path = IXHistoryViewController.m; sourceTree = "<group>"; };
		B695732A1B4CE58E0036EF12 /* IXDailyTrackerViewController.h */ = {isa = PBXFileReference; fileEncoding = 4; lastKnownFileType = sourcecode.c.h; path = IXDailyTrackerViewController.h; sourceTree = "<group>"; };
		B695732B1B4CE58E0036EF12 /* IXDailyTrackerViewController.m */ = {isa = PBXFileReference; fileEncoding = 4; lastKnownFileType = sourcecode.c.objc; path = IXDailyTrackerViewController.m; sourceTree = "<group>"; };
		B6C479BC1B4B8281005502CD /* Inexorable.app */ = {isa = PBXFileReference; explicitFileType = wrapper.application; includeInIndex = 0; path = Inexorable.app; sourceTree = BUILT_PRODUCTS_DIR; };
		B6C479C01B4B8281005502CD /* Info.plist */ = {isa = PBXFileReference; lastKnownFileType = text.plist.xml; path = Info.plist; sourceTree = "<group>"; };
		B6C479C11B4B8281005502CD /* main.m */ = {isa = PBXFileReference; lastKnownFileType = sourcecode.c.objc; path = main.m; sourceTree = "<group>"; };
		B6C479C31B4B8281005502CD /* AppDelegate.h */ = {isa = PBXFileReference; lastKnownFileType = sourcecode.c.h; path = AppDelegate.h; sourceTree = "<group>"; };
		B6C479C41B4B8281005502CD /* AppDelegate.m */ = {isa = PBXFileReference; lastKnownFileType = sourcecode.c.objc; path = AppDelegate.m; sourceTree = "<group>"; };
		B6C479CA1B4B8281005502CD /* Base */ = {isa = PBXFileReference; lastKnownFileType = file.storyboard; name = Base; path = Base.lproj/Main.storyboard; sourceTree = "<group>"; };
		B6C479CC1B4B8281005502CD /* Images.xcassets */ = {isa = PBXFileReference; lastKnownFileType = folder.assetcatalog; path = Images.xcassets; sourceTree = "<group>"; };
		B6C479CF1B4B8281005502CD /* Base */ = {isa = PBXFileReference; lastKnownFileType = file.xib; name = Base; path = Base.lproj/LaunchScreen.xib; sourceTree = "<group>"; };
		B6C479D51B4B8281005502CD /* InexorableTests.xctest */ = {isa = PBXFileReference; explicitFileType = wrapper.cfbundle; includeInIndex = 0; path = InexorableTests.xctest; sourceTree = BUILT_PRODUCTS_DIR; };
		B6C479DA1B4B8281005502CD /* Info.plist */ = {isa = PBXFileReference; lastKnownFileType = text.plist.xml; path = Info.plist; sourceTree = "<group>"; };
		B6C479DB1B4B8281005502CD /* InexorableTests.m */ = {isa = PBXFileReference; lastKnownFileType = sourcecode.c.objc; path = InexorableTests.m; sourceTree = "<group>"; };
		B6C479E51B4B82D9005502CD /* AudioToolbox.framework */ = {isa = PBXFileReference; lastKnownFileType = wrapper.framework; name = AudioToolbox.framework; path = System/Library/Frameworks/AudioToolbox.framework; sourceTree = SDKROOT; };
		B6C479E81B4B8320005502CD /* CFNetwork.framework */ = {isa = PBXFileReference; lastKnownFileType = wrapper.framework; name = CFNetwork.framework; path = System/Library/Frameworks/CFNetwork.framework; sourceTree = SDKROOT; };
		B6C479EA1B4B8326005502CD /* CoreGraphics.framework */ = {isa = PBXFileReference; lastKnownFileType = wrapper.framework; name = CoreGraphics.framework; path = System/Library/Frameworks/CoreGraphics.framework; sourceTree = SDKROOT; };
		B6C479EC1B4B832D005502CD /* CoreLocation.framework */ = {isa = PBXFileReference; lastKnownFileType = wrapper.framework; name = CoreLocation.framework; path = System/Library/Frameworks/CoreLocation.framework; sourceTree = SDKROOT; };
		B6C479EE1B4B8333005502CD /* MobileCoreServices.framework */ = {isa = PBXFileReference; lastKnownFileType = wrapper.framework; name = MobileCoreServices.framework; path = System/Library/Frameworks/MobileCoreServices.framework; sourceTree = SDKROOT; };
		B6C479F01B4B833B005502CD /* QuartzCore.framework */ = {isa = PBXFileReference; lastKnownFileType = wrapper.framework; name = QuartzCore.framework; path = System/Library/Frameworks/QuartzCore.framework; sourceTree = SDKROOT; };
		B6C479F21B4B8340005502CD /* Security.framework */ = {isa = PBXFileReference; lastKnownFileType = wrapper.framework; name = Security.framework; path = System/Library/Frameworks/Security.framework; sourceTree = SDKROOT; };
		B6C479F41B4B8346005502CD /* StoreKit.framework */ = {isa = PBXFileReference; lastKnownFileType = wrapper.framework; name = StoreKit.framework; path = System/Library/Frameworks/StoreKit.framework; sourceTree = SDKROOT; };
		B6C479F61B4B834E005502CD /* SystemConfiguration.framework */ = {isa = PBXFileReference; lastKnownFileType = wrapper.framework; name = SystemConfiguration.framework; path = System/Library/Frameworks/SystemConfiguration.framework; sourceTree = SDKROOT; };
		B6C479F81B4B835B005502CD /* libz.dylib */ = {isa = PBXFileReference; lastKnownFileType = "compiled.mach-o.dylib"; name = libz.dylib; path = usr/lib/libz.dylib; sourceTree = SDKROOT; };
		B6C479FA1B4B8364005502CD /* libsqlite3.dylib */ = {isa = PBXFileReference; lastKnownFileType = "compiled.mach-o.dylib"; name = libsqlite3.dylib; path = usr/lib/libsqlite3.dylib; sourceTree = SDKROOT; };
		B6C479FC1B4B838B005502CD /* Bolts.framework */ = {isa = PBXFileReference; lastKnownFileType = wrapper.framework; path = Bolts.framework; sourceTree = "<group>"; };
		B6C479FD1B4B838B005502CD /* Parse.framework */ = {isa = PBXFileReference; lastKnownFileType = wrapper.framework; path = Parse.framework; sourceTree = "<group>"; };
		B6C479FE1B4B838B005502CD /* ParseCrashReporting.framework */ = {isa = PBXFileReference; lastKnownFileType = wrapper.framework; path = ParseCrashReporting.framework; sourceTree = "<group>"; };
		B6C479FF1B4B838B005502CD /* ParseFacebookUtils.framework */ = {isa = PBXFileReference; lastKnownFileType = wrapper.framework; path = ParseFacebookUtils.framework; sourceTree = "<group>"; };
		B6C47A001B4B838B005502CD /* ParseFacebookUtilsV4.framework */ = {isa = PBXFileReference; lastKnownFileType = wrapper.framework; path = ParseFacebookUtilsV4.framework; sourceTree = "<group>"; };
		B6C47A011B4B838B005502CD /* ParseUI.framework */ = {isa = PBXFileReference; lastKnownFileType = wrapper.framework; path = ParseUI.framework; sourceTree = "<group>"; };
		B6C47A1D1B4B9048005502CD /* Inexorable-Prefix.pch */ = {isa = PBXFileReference; fileEncoding = 4; lastKnownFileType = sourcecode.c.h; path = "Inexorable-Prefix.pch"; sourceTree = "<group>"; };
		B6C47A1E1B4B9226005502CD /* IXCountDownViewController.h */ = {isa = PBXFileReference; fileEncoding = 4; lastKnownFileType = sourcecode.c.h; path = IXCountDownViewController.h; sourceTree = "<group>"; };
		B6C47A1F1B4B9226005502CD /* IXCountDownViewController.m */ = {isa = PBXFileReference; fileEncoding = 4; lastKnownFileType = sourcecode.c.objc; path = IXCountDownViewController.m; sourceTree = "<group>"; };
		B6C47A221B4B9D8D005502CD /* Accounts.framework */ = {isa = PBXFileReference; lastKnownFileType = wrapper.framework; name = Accounts.framework; path = System/Library/Frameworks/Accounts.framework; sourceTree = SDKROOT; };
		B6C47A241B4B9D94005502CD /* Social.framework */ = {isa = PBXFileReference; lastKnownFileType = wrapper.framework; name = Social.framework; path = System/Library/Frameworks/Social.framework; sourceTree = SDKROOT; };
/* End PBXFileReference section */

/* Begin PBXFrameworksBuildPhase section */
		B6C479B91B4B8281005502CD /* Frameworks */ = {
			isa = PBXFrameworksBuildPhase;
			buildActionMask = 2147483647;
			files = (
				B6C47A251B4B9D94005502CD /* Social.framework in Frameworks */,
				B6C47A231B4B9D8D005502CD /* Accounts.framework in Frameworks */,
				B6C479FB1B4B8364005502CD /* libsqlite3.dylib in Frameworks */,
				B6C479F91B4B835B005502CD /* libz.dylib in Frameworks */,
				B6C479F71B4B834E005502CD /* SystemConfiguration.framework in Frameworks */,
				B6C47A021B4B838B005502CD /* Bolts.framework in Frameworks */,
				B6C479F51B4B8346005502CD /* StoreKit.framework in Frameworks */,
				B6C47A061B4B838B005502CD /* ParseCrashReporting.framework in Frameworks */,
				B6C479F31B4B8340005502CD /* Security.framework in Frameworks */,
				B6C47A041B4B838B005502CD /* Parse.framework in Frameworks */,
				B6C47A081B4B838B005502CD /* ParseFacebookUtils.framework in Frameworks */,
				B6C47A0C1B4B838B005502CD /* ParseUI.framework in Frameworks */,
				B6C479F11B4B833B005502CD /* QuartzCore.framework in Frameworks */,
				B6C47A0A1B4B838B005502CD /* ParseFacebookUtilsV4.framework in Frameworks */,
				B6C479EF1B4B8333005502CD /* MobileCoreServices.framework in Frameworks */,
				B6C479ED1B4B832D005502CD /* CoreLocation.framework in Frameworks */,
				B6C479EB1B4B8326005502CD /* CoreGraphics.framework in Frameworks */,
				B6C479E91B4B8320005502CD /* CFNetwork.framework in Frameworks */,
				B6C479E61B4B82D9005502CD /* AudioToolbox.framework in Frameworks */,
			);
			runOnlyForDeploymentPostprocessing = 0;
		};
		B6C479D21B4B8281005502CD /* Frameworks */ = {
			isa = PBXFrameworksBuildPhase;
			buildActionMask = 2147483647;
			files = (
				B6C47A271B4B9DA1005502CD /* Accounts.framework in Frameworks */,
				B6C47A261B4B9D9B005502CD /* Social.framework in Frameworks */,
				B6C47A181B4B83CF005502CD /* libsqlite3.dylib in Frameworks */,
				B6C47A171B4B83CA005502CD /* libz.dylib in Frameworks */,
				B6C47A161B4B83C5005502CD /* SystemConfiguration.framework in Frameworks */,
				B6C47A151B4B83C0005502CD /* StoreKit.framework in Frameworks */,
				B6C47A141B4B83BB005502CD /* Security.framework in Frameworks */,
				B6C47A131B4B83B4005502CD /* QuartzCore.framework in Frameworks */,
				B6C47A121B4B83B0005502CD /* MobileCoreServices.framework in Frameworks */,
				B6C47A111B4B83AB005502CD /* CoreLocation.framework in Frameworks */,
				B6C47A101B4B83A6005502CD /* CoreGraphics.framework in Frameworks */,
				B6C47A0F1B4B83A1005502CD /* CFNetwork.framework in Frameworks */,
				B6C47A0E1B4B8399005502CD /* AudioToolbox.framework in Frameworks */,
				B6C47A0D1B4B838B005502CD /* ParseUI.framework in Frameworks */,
				B6C47A051B4B838B005502CD /* Parse.framework in Frameworks */,
				B6C47A071B4B838B005502CD /* ParseCrashReporting.framework in Frameworks */,
				B6C47A091B4B838B005502CD /* ParseFacebookUtils.framework in Frameworks */,
				B6C47A031B4B838B005502CD /* Bolts.framework in Frameworks */,
				B6C47A0B1B4B838B005502CD /* ParseFacebookUtilsV4.framework in Frameworks */,
			);
			runOnlyForDeploymentPostprocessing = 0;
		};
/* End PBXFrameworksBuildPhase section */

/* Begin PBXGroup section */
		2F0180EC1B4C556100B521FA /* Views */ = {
			isa = PBXGroup;
			children = (
				B6C479C91B4B8281005502CD /* Main.storyboard */,
				B6C479CE1B4B8281005502CD /* LaunchScreen.xib */,
			);
			name = Views;
			sourceTree = "<group>";
		};
		2F0180ED1B4C556A00B521FA /* Controllers */ = {
			isa = PBXGroup;
			children = (
				B6C47A1E1B4B9226005502CD /* IXCountDownViewController.h */,
				B6C47A1F1B4B9226005502CD /* IXCountDownViewController.m */,
				B69573261B4CE5750036EF12 /* IXHistoryViewController.h */,
				B69573271B4CE5750036EF12 /* IXHistoryViewController.m */,
				B695732A1B4CE58E0036EF12 /* IXDailyTrackerViewController.h */,
				B695732B1B4CE58E0036EF12 /* IXDailyTrackerViewController.m */,
			);
			name = Controllers;
			sourceTree = "<group>";
		};
		2F0180EE1B4C557100B521FA /* Models */ = {
			isa = PBXGroup;
			children = (
				B6C479C31B4B8281005502CD /* AppDelegate.h */,
				B6C479C41B4B8281005502CD /* AppDelegate.m */,
			);
			name = Models;
			sourceTree = "<group>";
		};
		B69573211B4CD11B0036EF12 /* Categories */ = {
			isa = PBXGroup;
			children = (
				B69573221B4CD15B0036EF12 /* UIImage+ImageEffects.h */,
				B69573231B4CD15B0036EF12 /* UIImage+ImageEffects.m */,
			);
			name = Categories;
			sourceTree = "<group>";
		};
		B6C479B31B4B8281005502CD = {
			isa = PBXGroup;
			children = (
				B6C479BE1B4B8281005502CD /* Inexorable */,
				B6C479D81B4B8281005502CD /* InexorableTests */,
				B6C479E71B4B82F8005502CD /* Frameworks */,
				B6C479BD1B4B8281005502CD /* Products */,
			);
			sourceTree = "<group>";
		};
		B6C479BD1B4B8281005502CD /* Products */ = {
			isa = PBXGroup;
			children = (
				B6C479BC1B4B8281005502CD /* Inexorable.app */,
				B6C479D51B4B8281005502CD /* InexorableTests.xctest */,
			);
			name = Products;
			sourceTree = "<group>";
		};
		B6C479BE1B4B8281005502CD /* Inexorable */ = {
			isa = PBXGroup;
			children = (
				B69573211B4CD11B0036EF12 /* Categories */,
				2F0180EE1B4C557100B521FA /* Models */,
				2F0180ED1B4C556A00B521FA /* Controllers */,
				2F0180EC1B4C556100B521FA /* Views */,
				B6C479CC1B4B8281005502CD /* Images.xcassets */,
				B6C479BF1B4B8281005502CD /* Supporting Files */,
			);
			path = Inexorable;
			sourceTree = "<group>";
		};
		B6C479BF1B4B8281005502CD /* Supporting Files */ = {
			isa = PBXGroup;
			children = (
				B6C479C01B4B8281005502CD /* Info.plist */,
				B6C479C11B4B8281005502CD /* main.m */,
				B6C47A1D1B4B9048005502CD /* Inexorable-Prefix.pch */,
			);
			name = "Supporting Files";
			sourceTree = "<group>";
		};
		B6C479D81B4B8281005502CD /* InexorableTests */ = {
			isa = PBXGroup;
			children = (
				B6C479DB1B4B8281005502CD /* InexorableTests.m */,
				B6C479D91B4B8281005502CD /* Supporting Files */,
			);
			path = InexorableTests;
			sourceTree = "<group>";
		};
		B6C479D91B4B8281005502CD /* Supporting Files */ = {
			isa = PBXGroup;
			children = (
				B6C479DA1B4B8281005502CD /* Info.plist */,
			);
			name = "Supporting Files";
			sourceTree = "<group>";
		};
		B6C479E71B4B82F8005502CD /* Frameworks */ = {
			isa = PBXGroup;
			children = (
				B6C47A241B4B9D94005502CD /* Social.framework */,
				B6C47A221B4B9D8D005502CD /* Accounts.framework */,
				B6C479FC1B4B838B005502CD /* Bolts.framework */,
				B6C479FD1B4B838B005502CD /* Parse.framework */,
				B6C479FE1B4B838B005502CD /* ParseCrashReporting.framework */,
				B6C479FF1B4B838B005502CD /* ParseFacebookUtils.framework */,
				B6C47A001B4B838B005502CD /* ParseFacebookUtilsV4.framework */,
				B6C47A011B4B838B005502CD /* ParseUI.framework */,
				B6C479FA1B4B8364005502CD /* libsqlite3.dylib */,
				B6C479F81B4B835B005502CD /* libz.dylib */,
				B6C479F61B4B834E005502CD /* SystemConfiguration.framework */,
				B6C479F41B4B8346005502CD /* StoreKit.framework */,
				B6C479F21B4B8340005502CD /* Security.framework */,
				B6C479F01B4B833B005502CD /* QuartzCore.framework */,
				B6C479EE1B4B8333005502CD /* MobileCoreServices.framework */,
				B6C479EC1B4B832D005502CD /* CoreLocation.framework */,
				B6C479EA1B4B8326005502CD /* CoreGraphics.framework */,
				B6C479E81B4B8320005502CD /* CFNetwork.framework */,
				B6C479E51B4B82D9005502CD /* AudioToolbox.framework */,
			);
			name = Frameworks;
			sourceTree = "<group>";
		};
/* End PBXGroup section */

/* Begin PBXNativeTarget section */
		B6C479BB1B4B8281005502CD /* Inexorable */ = {
			isa = PBXNativeTarget;
			buildConfigurationList = B6C479DF1B4B8281005502CD /* Build configuration list for PBXNativeTarget "Inexorable" */;
			buildPhases = (
				B6C479B81B4B8281005502CD /* Sources */,
				B6C479B91B4B8281005502CD /* Frameworks */,
				B6C479BA1B4B8281005502CD /* Resources */,
			);
			buildRules = (
			);
			dependencies = (
			);
			name = Inexorable;
			productName = Inexorable;
			productReference = B6C479BC1B4B8281005502CD /* Inexorable.app */;
			productType = "com.apple.product-type.application";
		};
		B6C479D41B4B8281005502CD /* InexorableTests */ = {
			isa = PBXNativeTarget;
			buildConfigurationList = B6C479E21B4B8281005502CD /* Build configuration list for PBXNativeTarget "InexorableTests" */;
			buildPhases = (
				B6C479D11B4B8281005502CD /* Sources */,
				B6C479D21B4B8281005502CD /* Frameworks */,
				B6C479D31B4B8281005502CD /* Resources */,
			);
			buildRules = (
			);
			dependencies = (
				B6C479D71B4B8281005502CD /* PBXTargetDependency */,
			);
			name = InexorableTests;
			productName = InexorableTests;
			productReference = B6C479D51B4B8281005502CD /* InexorableTests.xctest */;
			productType = "com.apple.product-type.bundle.unit-test";
		};
/* End PBXNativeTarget section */

/* Begin PBXProject section */
		B6C479B41B4B8281005502CD /* Project object */ = {
			isa = PBXProject;
			attributes = {
				LastUpgradeCheck = 0600;
				ORGANIZATIONNAME = "Sitting Circles, LLC";
				TargetAttributes = {
					B6C479BB1B4B8281005502CD = {
						CreatedOnToolsVersion = 6.0.1;
						DevelopmentTeam = S6MK5JM5SY;
					};
					B6C479D41B4B8281005502CD = {
						CreatedOnToolsVersion = 6.0.1;
						TestTargetID = B6C479BB1B4B8281005502CD;
					};
				};
			};
			buildConfigurationList = B6C479B71B4B8281005502CD /* Build configuration list for PBXProject "Inexorable" */;
			compatibilityVersion = "Xcode 3.2";
			developmentRegion = English;
			hasScannedForEncodings = 0;
			knownRegions = (
				en,
				Base,
			);
			mainGroup = B6C479B31B4B8281005502CD;
			productRefGroup = B6C479BD1B4B8281005502CD /* Products */;
			projectDirPath = "";
			projectRoot = "";
			targets = (
				B6C479BB1B4B8281005502CD /* Inexorable */,
				B6C479D41B4B8281005502CD /* InexorableTests */,
			);
		};
/* End PBXProject section */

/* Begin PBXResourcesBuildPhase section */
		B6C479BA1B4B8281005502CD /* Resources */ = {
			isa = PBXResourcesBuildPhase;
			buildActionMask = 2147483647;
			files = (
				B6C479CB1B4B8281005502CD /* Main.storyboard in Resources */,
				B6C479D01B4B8281005502CD /* LaunchScreen.xib in Resources */,
				B6C479CD1B4B8281005502CD /* Images.xcassets in Resources */,
			);
			runOnlyForDeploymentPostprocessing = 0;
		};
		B6C479D31B4B8281005502CD /* Resources */ = {
			isa = PBXResourcesBuildPhase;
			buildActionMask = 2147483647;
			files = (
			);
			runOnlyForDeploymentPostprocessing = 0;
		};
/* End PBXResourcesBuildPhase section */

/* Begin PBXSourcesBuildPhase section */
		B6C479B81B4B8281005502CD /* Sources */ = {
			isa = PBXSourcesBuildPhase;
			buildActionMask = 2147483647;
			files = (
				B69573241B4CD15B0036EF12 /* UIImage+ImageEffects.m in Sources */,
				B6C479C51B4B8281005502CD /* AppDelegate.m in Sources */,
				B6C479C21B4B8281005502CD /* main.m in Sources */,
				B695732C1B4CE58E0036EF12 /* IXDailyTrackerViewController.m in Sources */,
				B69573281B4CE5750036EF12 /* IXHistoryViewController.m in Sources */,
				B6C47A201B4B9226005502CD /* IXCountDownViewController.m in Sources */,
			);
			runOnlyForDeploymentPostprocessing = 0;
		};
		B6C479D11B4B8281005502CD /* Sources */ = {
			isa = PBXSourcesBuildPhase;
			buildActionMask = 2147483647;
			files = (
				B6C479DC1B4B8281005502CD /* InexorableTests.m in Sources */,
				B6C47A211B4B9226005502CD /* IXCountDownViewController.m in Sources */,
				B69573251B4CD15B0036EF12 /* UIImage+ImageEffects.m in Sources */,
				B695732D1B4CE58E0036EF12 /* IXDailyTrackerViewController.m in Sources */,
				B69573291B4CE5750036EF12 /* IXHistoryViewController.m in Sources */,
			);
			runOnlyForDeploymentPostprocessing = 0;
		};
/* End PBXSourcesBuildPhase section */

/* Begin PBXTargetDependency section */
		B6C479D71B4B8281005502CD /* PBXTargetDependency */ = {
			isa = PBXTargetDependency;
			target = B6C479BB1B4B8281005502CD /* Inexorable */;
			targetProxy = B6C479D61B4B8281005502CD /* PBXContainerItemProxy */;
		};
/* End PBXTargetDependency section */

/* Begin PBXVariantGroup section */
		B6C479C91B4B8281005502CD /* Main.storyboard */ = {
			isa = PBXVariantGroup;
			children = (
				B6C479CA1B4B8281005502CD /* Base */,
			);
			name = Main.storyboard;
			sourceTree = "<group>";
		};
		B6C479CE1B4B8281005502CD /* LaunchScreen.xib */ = {
			isa = PBXVariantGroup;
			children = (
				B6C479CF1B4B8281005502CD /* Base */,
			);
			name = LaunchScreen.xib;
			sourceTree = "<group>";
		};
/* End PBXVariantGroup section */

/* Begin XCBuildConfiguration section */
		B6C479DD1B4B8281005502CD /* Debug */ = {
			isa = XCBuildConfiguration;
			buildSettings = {
				ALWAYS_SEARCH_USER_PATHS = NO;
				CLANG_CXX_LANGUAGE_STANDARD = "gnu++0x";
				CLANG_CXX_LIBRARY = "libc++";
				CLANG_ENABLE_MODULES = YES;
				CLANG_ENABLE_OBJC_ARC = YES;
				CLANG_WARN_BOOL_CONVERSION = YES;
				CLANG_WARN_CONSTANT_CONVERSION = YES;
				CLANG_WARN_DIRECT_OBJC_ISA_USAGE = YES_ERROR;
				CLANG_WARN_EMPTY_BODY = YES;
				CLANG_WARN_ENUM_CONVERSION = YES;
				CLANG_WARN_INT_CONVERSION = YES;
				CLANG_WARN_OBJC_ROOT_CLASS = YES_ERROR;
				CLANG_WARN_UNREACHABLE_CODE = YES;
				CLANG_WARN__DUPLICATE_METHOD_MATCH = YES;
				CODE_SIGN_IDENTITY = "";
				"CODE_SIGN_IDENTITY[sdk=iphoneos*]" = "";
				COPY_PHASE_STRIP = NO;
				ENABLE_STRICT_OBJC_MSGSEND = YES;
				GCC_C_LANGUAGE_STANDARD = gnu99;
				GCC_DYNAMIC_NO_PIC = NO;
				GCC_OPTIMIZATION_LEVEL = 0;
				GCC_PREPROCESSOR_DEFINITIONS = (
					"DEBUG=1",
					"$(inherited)",
				);
				GCC_SYMBOLS_PRIVATE_EXTERN = NO;
				GCC_WARN_64_TO_32_BIT_CONVERSION = YES;
				GCC_WARN_ABOUT_RETURN_TYPE = YES_ERROR;
				GCC_WARN_UNDECLARED_SELECTOR = YES;
				GCC_WARN_UNINITIALIZED_AUTOS = YES_AGGRESSIVE;
				GCC_WARN_UNUSED_FUNCTION = YES;
				GCC_WARN_UNUSED_VARIABLE = YES;
				IPHONEOS_DEPLOYMENT_TARGET = 8.0;
				MTL_ENABLE_DEBUG_INFO = YES;
				ONLY_ACTIVE_ARCH = YES;
				PROVISIONING_PROFILE = "8ba2ed5f-f532-4f87-bd3e-ddbe05a6aa23";
				SDKROOT = iphoneos;
			};
			name = Debug;
		};
		B6C479DE1B4B8281005502CD /* Release */ = {
			isa = XCBuildConfiguration;
			buildSettings = {
				ALWAYS_SEARCH_USER_PATHS = NO;
				CLANG_CXX_LANGUAGE_STANDARD = "gnu++0x";
				CLANG_CXX_LIBRARY = "libc++";
				CLANG_ENABLE_MODULES = YES;
				CLANG_ENABLE_OBJC_ARC = YES;
				CLANG_WARN_BOOL_CONVERSION = YES;
				CLANG_WARN_CONSTANT_CONVERSION = YES;
				CLANG_WARN_DIRECT_OBJC_ISA_USAGE = YES_ERROR;
				CLANG_WARN_EMPTY_BODY = YES;
				CLANG_WARN_ENUM_CONVERSION = YES;
				CLANG_WARN_INT_CONVERSION = YES;
				CLANG_WARN_OBJC_ROOT_CLASS = YES_ERROR;
				CLANG_WARN_UNREACHABLE_CODE = YES;
				CLANG_WARN__DUPLICATE_METHOD_MATCH = YES;
				CODE_SIGN_IDENTITY = "";
				"CODE_SIGN_IDENTITY[sdk=iphoneos*]" = "";
				COPY_PHASE_STRIP = YES;
				ENABLE_NS_ASSERTIONS = NO;
				ENABLE_STRICT_OBJC_MSGSEND = YES;
				GCC_C_LANGUAGE_STANDARD = gnu99;
				GCC_WARN_64_TO_32_BIT_CONVERSION = YES;
				GCC_WARN_ABOUT_RETURN_TYPE = YES_ERROR;
				GCC_WARN_UNDECLARED_SELECTOR = YES;
				GCC_WARN_UNINITIALIZED_AUTOS = YES_AGGRESSIVE;
				GCC_WARN_UNUSED_FUNCTION = YES;
				GCC_WARN_UNUSED_VARIABLE = YES;
				IPHONEOS_DEPLOYMENT_TARGET = 8.0;
				MTL_ENABLE_DEBUG_INFO = NO;
				PROVISIONING_PROFILE = "8ba2ed5f-f532-4f87-bd3e-ddbe05a6aa23";
				SDKROOT = iphoneos;
				VALIDATE_PRODUCT = YES;
			};
			name = Release;
		};
		B6C479E01B4B8281005502CD /* Debug */ = {
			isa = XCBuildConfiguration;
			buildSettings = {
				ASSETCATALOG_COMPILER_APPICON_NAME = AppIcon;
				CODE_SIGN_IDENTITY = "iPhone Developer";
				FRAMEWORK_SEARCH_PATHS = (
					"$(inherited)",
					"$(PROJECT_DIR)",
				);
				GCC_PRECOMPILE_PREFIX_HEADER = YES;
				GCC_PREFIX_HEADER = "Inexorable/Inexorable-Prefix.pch";
				INFOPLIST_FILE = Inexorable/Info.plist;
				IPHONEOS_DEPLOYMENT_TARGET = 7.1;
				LD_RUNPATH_SEARCH_PATHS = "$(inherited) @executable_path/Frameworks";
				PRODUCT_NAME = "$(TARGET_NAME)";
			};
			name = Debug;
		};
		B6C479E11B4B8281005502CD /* Release */ = {
			isa = XCBuildConfiguration;
			buildSettings = {
				ASSETCATALOG_COMPILER_APPICON_NAME = AppIcon;
				CODE_SIGN_IDENTITY = "iPhone Developer";
				FRAMEWORK_SEARCH_PATHS = (
					"$(inherited)",
					"$(PROJECT_DIR)",
				);
				GCC_PRECOMPILE_PREFIX_HEADER = YES;
				GCC_PREFIX_HEADER = "Inexorable/Inexorable-Prefix.pch";
				INFOPLIST_FILE = Inexorable/Info.plist;
				IPHONEOS_DEPLOYMENT_TARGET = 7.1;
				LD_RUNPATH_SEARCH_PATHS = "$(inherited) @executable_path/Frameworks";
				PRODUCT_NAME = "$(TARGET_NAME)";
			};
			name = Release;
		};
		B6C479E31B4B8281005502CD /* Debug */ = {
			isa = XCBuildConfiguration;
			buildSettings = {
				BUNDLE_LOADER = "$(TEST_HOST)";
				FRAMEWORK_SEARCH_PATHS = (
					"$(SDKROOT)/Developer/Library/Frameworks",
					"$(inherited)",
					"$(PROJECT_DIR)",
				);
				GCC_PREPROCESSOR_DEFINITIONS = (
					"DEBUG=1",
					"$(inherited)",
				);
				INFOPLIST_FILE = InexorableTests/Info.plist;
				LD_RUNPATH_SEARCH_PATHS = "$(inherited) @executable_path/Frameworks @loader_path/Frameworks";
				PRODUCT_NAME = "$(TARGET_NAME)";
				TEST_HOST = "$(BUILT_PRODUCTS_DIR)/Inexorable.app/Inexorable";
			};
			name = Debug;
		};
		B6C479E41B4B8281005502CD /* Release */ = {
			isa = XCBuildConfiguration;
			buildSettings = {
				BUNDLE_LOADER = "$(TEST_HOST)";
				FRAMEWORK_SEARCH_PATHS = (
					"$(SDKROOT)/Developer/Library/Frameworks",
					"$(inherited)",
					"$(PROJECT_DIR)",
				);
				INFOPLIST_FILE = InexorableTests/Info.plist;
				LD_RUNPATH_SEARCH_PATHS = "$(inherited) @executable_path/Frameworks @loader_path/Frameworks";
				PRODUCT_NAME = "$(TARGET_NAME)";
				TEST_HOST = "$(BUILT_PRODUCTS_DIR)/Inexorable.app/Inexorable";
			};
			name = Release;
		};
/* End XCBuildConfiguration section */

/* Begin XCConfigurationList section */
		B6C479B71B4B8281005502CD /* Build configuration list for PBXProject "Inexorable" */ = {
			isa = XCConfigurationList;
			buildConfigurations = (
				B6C479DD1B4B8281005502CD /* Debug */,
				B6C479DE1B4B8281005502CD /* Release */,
			);
			defaultConfigurationIsVisible = 0;
			defaultConfigurationName = Release;
		};
		B6C479DF1B4B8281005502CD /* Build configuration list for PBXNativeTarget "Inexorable" */ = {
			isa = XCConfigurationList;
			buildConfigurations = (
				B6C479E01B4B8281005502CD /* Debug */,
				B6C479E11B4B8281005502CD /* Release */,
			);
			defaultConfigurationIsVisible = 0;
			defaultConfigurationName = Release;
		};
		B6C479E21B4B8281005502CD /* Build configuration list for PBXNativeTarget "InexorableTests" */ = {
			isa = XCConfigurationList;
			buildConfigurations = (
				B6C479E31B4B8281005502CD /* Debug */,
				B6C479E41B4B8281005502CD /* Release */,
			);
			defaultConfigurationIsVisible = 0;
			defaultConfigurationName = Release;
		};
/* End XCConfigurationList section */
	};
	rootObject = B6C479B41B4B8281005502CD /* Project object */;
}
